
Microsoft Visual Studio Solution File, Format Version 12.00
# Visual Studio Version 17
VisualStudioVersion = 17.5.33530.505
MinimumVisualStudioVersion = 10.0.40219.1
Project("{9A19103F-16F7-4668-BE54-9A1E7A4F7556}") = "StuffShop", "StuffShop\StuffShop.csproj", "{31F24C88-622C-4497-BA3C-09E0D50C90CD}"
EndProject
Project("{2150E333-8FDC-42A3-9474-1A3956D46DE8}") = "StuffShopProject", "StuffShopProject", "{AFF89DC6-C1A0-41D9-80AF-FFE390093AAD}"
EndProject
Project("{2150E333-8FDC-42A3-9474-1A3956D46DE8}") = "StuffShop.Business", "StuffShop.Business", "{86895C2A-4A86-45ED-83F4-9BF061DD3C7B}"
EndProject
Project("{2150E333-8FDC-42A3-9474-1A3956D46DE8}") = "StuffShop.Core", "StuffShop.Core", "{865ED1A7-AC50-4A75-8886-CC77EC14E518}"
EndProject
Project("{2150E333-8FDC-42A3-9474-1A3956D46DE8}") = "StuffShop.Data", "StuffShop.Data", "{E7CE2CBD-C1E2-4293-A8EA-C90F96343D26}"
EndProject
Project("{FAE04EC0-301F-11D3-BF4B-00C04F79EFBC}") = "StuffShop.Business", "StuffShop.Business\StuffShop.Business.csproj", "{EDC6813F-E09A-43EF-B7AB-1A71D4FD87D0}"
EndProject
Project("{FAE04EC0-301F-11D3-BF4B-00C04F79EFBC}") = "StuffShop.Core", "StuffShop.Core\StuffShop.Core.csproj", "{C59F13C2-E9EF-4FFE-B740-06B75B706AF4}"
EndProject
Project("{FAE04EC0-301F-11D3-BF4B-00C04F79EFBC}") = "StuffShop.Data", "StuffShop.Data\StuffShop.Data.csproj", "{4273BBE1-67F4-4CE7-B25F-E748F6540A79}"
EndProject
Global
	GlobalSection(SolutionConfigurationPlatforms) = preSolution
		Debug|Any CPU = Debug|Any CPU
		Release|Any CPU = Release|Any CPU
	EndGlobalSection
	GlobalSection(ProjectConfigurationPlatforms) = postSolution
		{31F24C88-622C-4497-BA3C-09E0D50C90CD}.Debug|Any CPU.ActiveCfg = Debug|Any CPU
		{31F24C88-622C-4497-BA3C-09E0D50C90CD}.Debug|Any CPU.Build.0 = Debug|Any CPU
		{31F24C88-622C-4497-BA3C-09E0D50C90CD}.Release|Any CPU.ActiveCfg = Release|Any CPU
		{31F24C88-622C-4497-BA3C-09E0D50C90CD}.Release|Any CPU.Build.0 = Release|Any CPU
		{EDC6813F-E09A-43EF-B7AB-1A71D4FD87D0}.Debug|Any CPU.ActiveCfg = Debug|Any CPU
		{EDC6813F-E09A-43EF-B7AB-1A71D4FD87D0}.Debug|Any CPU.Build.0 = Debug|Any CPU
		{EDC6813F-E09A-43EF-B7AB-1A71D4FD87D0}.Release|Any CPU.ActiveCfg = Release|Any CPU
		{EDC6813F-E09A-43EF-B7AB-1A71D4FD87D0}.Release|Any CPU.Build.0 = Release|Any CPU
		{C59F13C2-E9EF-4FFE-B740-06B75B706AF4}.Debug|Any CPU.ActiveCfg = Debug|Any CPU
		{C59F13C2-E9EF-4FFE-B740-06B75B706AF4}.Debug|Any CPU.Build.0 = Debug|Any CPU
		{C59F13C2-E9EF-4FFE-B740-06B75B706AF4}.Release|Any CPU.ActiveCfg = Release|Any CPU
		{C59F13C2-E9EF-4FFE-B740-06B75B706AF4}.Release|Any CPU.Build.0 = Release|Any CPU
		{4273BBE1-67F4-4CE7-B25F-E748F6540A79}.Debug|Any CPU.ActiveCfg = Debug|Any CPU
		{4273BBE1-67F4-4CE7-B25F-E748F6540A79}.Debug|Any CPU.Build.0 = Debug|Any CPU
		{4273BBE1-67F4-4CE7-B25F-E748F6540A79}.Release|Any CPU.ActiveCfg = Release|Any CPU
		{4273BBE1-67F4-4CE7-B25F-E748F6540A79}.Release|Any CPU.Build.0 = Release|Any CPU
	EndGlobalSection
	GlobalSection(SolutionProperties) = preSolution
		HideSolutionNode = FALSE
	EndGlobalSection
	GlobalSection(NestedProjects) = preSolution
		{31F24C88-622C-4497-BA3C-09E0D50C90CD} = {AFF89DC6-C1A0-41D9-80AF-FFE390093AAD}
		{86895C2A-4A86-45ED-83F4-9BF061DD3C7B} = {AFF89DC6-C1A0-41D9-80AF-FFE390093AAD}
		{865ED1A7-AC50-4A75-8886-CC77EC14E518} = {AFF89DC6-C1A0-41D9-80AF-FFE390093AAD}
		{E7CE2CBD-C1E2-4293-A8EA-C90F96343D26} = {AFF89DC6-C1A0-41D9-80AF-FFE390093AAD}
		{EDC6813F-E09A-43EF-B7AB-1A71D4FD87D0} = {86895C2A-4A86-45ED-83F4-9BF061DD3C7B}
		{C59F13C2-E9EF-4FFE-B740-06B75B706AF4} = {865ED1A7-AC50-4A75-8886-CC77EC14E518}
		{4273BBE1-67F4-4CE7-B25F-E748F6540A79} = {E7CE2CBD-C1E2-4293-A8EA-C90F96343D26}
	EndGlobalSection
	GlobalSection(ExtensibilityGlobals) = postSolution
		SolutionGuid = {39E2159A-6116-45B6-AC59-A74650110C76}
	EndGlobalSection
EndGlobal
